// !$*UTF8*$!
{
	archiveVersion = 1;
	classes = {
	};
	objectVersion = 50;
	objects = {

/* Begin PBXBuildFile section */
		5B63F88DB6E1BF5F848ADBA4 /* Pods_MarvelMovie.framework in Frameworks */ = {isa = PBXBuildFile; fileRef = 50A77EE74DD8C3C46681A00D /* Pods_MarvelMovie.framework */; };
		6007CB0C2137A39700FA3497 /* AppDelegate.swift in Sources */ = {isa = PBXBuildFile; fileRef = 6007CB0B2137A39700FA3497 /* AppDelegate.swift */; };
		6007CB0E2137A39700FA3497 /* ViewController.swift in Sources */ = {isa = PBXBuildFile; fileRef = 6007CB0D2137A39700FA3497 /* ViewController.swift */; };
		6007CB112137A39700FA3497 /* Main.storyboard in Resources */ = {isa = PBXBuildFile; fileRef = 6007CB0F2137A39700FA3497 /* Main.storyboard */; };
		6007CB132137A39900FA3497 /* Assets.xcassets in Resources */ = {isa = PBXBuildFile; fileRef = 6007CB122137A39900FA3497 /* Assets.xcassets */; };
		6007CB162137A39900FA3497 /* LaunchScreen.storyboard in Resources */ = {isa = PBXBuildFile; fileRef = 6007CB142137A39900FA3497 /* LaunchScreen.storyboard */; };
		6007CB232137A50500FA3497 /* Marvel.swift in Sources */ = {isa = PBXBuildFile; fileRef = 6007CB222137A50500FA3497 /* Marvel.swift */; };
/* End PBXBuildFile section */

/* Begin PBXFileReference section */
		50A77EE74DD8C3C46681A00D /* Pods_MarvelMovie.framework */ = {isa = PBXFileReference; explicitFileType = wrapper.framework; includeInIndex = 0; path = Pods_MarvelMovie.framework; sourceTree = BUILT_PRODUCTS_DIR; };
		6007CB082137A39700FA3497 /* MarvelMovie.app */ = {isa = PBXFileReference; explicitFileType = wrapper.application; includeInIndex = 0; path = MarvelMovie.app; sourceTree = BUILT_PRODUCTS_DIR; };
		6007CB0B2137A39700FA3497 /* AppDelegate.swift */ = {isa = PBXFileReference; lastKnownFileType = sourcecode.swift; path = AppDelegate.swift; sourceTree = "<group>"; };
		6007CB0D2137A39700FA3497 /* ViewController.swift */ = {isa = PBXFileReference; lastKnownFileType = sourcecode.swift; path = ViewController.swift; sourceTree = "<group>"; };
		6007CB102137A39700FA3497 /* Base */ = {isa = PBXFileReference; lastKnownFileType = file.storyboard; name = Base; path = Base.lproj/Main.storyboard; sourceTree = "<group>"; };
		6007CB122137A39900FA3497 /* Assets.xcassets */ = {isa = PBXFileReference; lastKnownFileType = folder.assetcatalog; path = Assets.xcassets; sourceTree = "<group>"; };
		6007CB152137A39900FA3497 /* Base */ = {isa = PBXFileReference; lastKnownFileType = file.storyboard; name = Base; path = Base.lproj/LaunchScreen.storyboard; sourceTree = "<group>"; };
		6007CB172137A39900FA3497 /* Info.plist */ = {isa = PBXFileReference; lastKnownFileType = text.plist.xml; path = Info.plist; sourceTree = "<group>"; };
		6007CB222137A50500FA3497 /* Marvel.swift */ = {isa = PBXFileReference; lastKnownFileType = sourcecode.swift; path = Marvel.swift; sourceTree = "<group>"; };
		98181527C2F497AD609AA3B4 /* Pods-MarvelMovie.debug.xcconfig */ = {isa = PBXFileReference; includeInIndex = 1; lastKnownFileType = text.xcconfig; name = "Pods-MarvelMovie.debug.xcconfig"; path = "Pods/Target Support Files/Pods-MarvelMovie/Pods-MarvelMovie.debug.xcconfig"; sourceTree = "<group>"; };
		B446FA89FFC747FA678202F6 /* Pods-MarvelMovie.release.xcconfig */ = {isa = PBXFileReference; includeInIndex = 1; lastKnownFileType = text.xcconfig; name = "Pods-MarvelMovie.release.xcconfig"; path = "Pods/Target Support Files/Pods-MarvelMovie/Pods-MarvelMovie.release.xcconfig"; sourceTree = "<group>"; };
/* End PBXFileReference section */

/* Begin PBXFrameworksBuildPhase section */
		6007CB052137A39700FA3497 /* Frameworks */ = {
			isa = PBXFrameworksBuildPhase;
			buildActionMask = 2147483647;
			files = (
				5B63F88DB6E1BF5F848ADBA4 /* Pods_MarvelMovie.framework in Frameworks */,
			);
			runOnlyForDeploymentPostprocessing = 0;
		};
/* End PBXFrameworksBuildPhase section */

/* Begin PBXGroup section */
		0E9CB193393155CE6A29870E /* Pods */ = {
			isa = PBXGroup;
			children = (
				98181527C2F497AD609AA3B4 /* Pods-MarvelMovie.debug.xcconfig */,
				B446FA89FFC747FA678202F6 /* Pods-MarvelMovie.release.xcconfig */,
			);
			name = Pods;
			sourceTree = "<group>";
		};
		6007CAFF2137A39700FA3497 = {
			isa = PBXGroup;
			children = (
				6007CB0A2137A39700FA3497 /* MarvelMovie */,
				6007CB092137A39700FA3497 /* Products */,
				0E9CB193393155CE6A29870E /* Pods */,
				FDFB9C9D117583ED70162372 /* Frameworks */,
			);
			sourceTree = "<group>";
		};
		6007CB092137A39700FA3497 /* Products */ = {
			isa = PBXGroup;
			children = (
				6007CB082137A39700FA3497 /* MarvelMovie.app */,
			);
			name = Products;
			sourceTree = "<group>";
		};
		6007CB0A2137A39700FA3497 /* MarvelMovie */ = {
			isa = PBXGroup;
			children = (
				6007CB212137A4B600FA3497 /* Model */,
				6007CB202137A4B000FA3497 /* View */,
				6007CB1F2137A4A600FA3497 /* Helpers */,
				6007CB1E2137A4A000FA3497 /* Network */,
				6007CB1D2137A49300FA3497 /* Common */,
				6007CB0B2137A39700FA3497 /* AppDelegate.swift */,
				6007CB0D2137A39700FA3497 /* ViewController.swift */,
				6007CB0F2137A39700FA3497 /* Main.storyboard */,
				6007CB122137A39900FA3497 /* Assets.xcassets */,
				6007CB142137A39900FA3497 /* LaunchScreen.storyboard */,
				6007CB172137A39900FA3497 /* Info.plist */,
			);
			path = MarvelMovie;
			sourceTree = "<group>";
		};
		6007CB1D2137A49300FA3497 /* Common */ = {
			isa = PBXGroup;
			children = (
			);
			path = Common;
			sourceTree = "<group>";
		};
		6007CB1E2137A4A000FA3497 /* Network */ = {
			isa = PBXGroup;
			children = (
				6007CB222137A50500FA3497 /* Marvel.swift */,
			);
			path = Network;
			sourceTree = "<group>";
		};
		6007CB1F2137A4A600FA3497 /* Helpers */ = {
			isa = PBXGroup;
			children = (
			);
			path = Helpers;
			sourceTree = "<group>";
		};
		6007CB202137A4B000FA3497 /* View */ = {
			isa = PBXGroup;
			children = (
			);
			path = View;
			sourceTree = "<group>";
		};
		6007CB212137A4B600FA3497 /* Model */ = {
			isa = PBXGroup;
			children = (
			);
			path = Model;
			sourceTree = "<group>";
		};
		FDFB9C9D117583ED70162372 /* Frameworks */ = {
			isa = PBXGroup;
			children = (
				50A77EE74DD8C3C46681A00D /* Pods_MarvelMovie.framework */,
			);
			name = Frameworks;
			sourceTree = "<group>";
		};
/* End PBXGroup section */

/* Begin PBXNativeTarget section */
		6007CB072137A39700FA3497 /* MarvelMovie */ = {
			isa = PBXNativeTarget;
			buildConfigurationList = 6007CB1A2137A39900FA3497 /* Build configuration list for PBXNativeTarget "MarvelMovie" */;
			buildPhases = (
				CE0C1A6BB5F9723AF0BB522C /* [CP] Check Pods Manifest.lock */,
				6007CB042137A39700FA3497 /* Sources */,
				6007CB052137A39700FA3497 /* Frameworks */,
				6007CB062137A39700FA3497 /* Resources */,
				BA1EFE055DB711A03D8A2954 /* [CP] Embed Pods Frameworks */,
			);
			buildRules = (
			);
			dependencies = (
			);
			name = MarvelMovie;
			productName = MarvelMovie;
			productReference = 6007CB082137A39700FA3497 /* MarvelMovie.app */;
			productType = "com.apple.product-type.application";
		};
/* End PBXNativeTarget section */

/* Begin PBXProject section */
		6007CB002137A39700FA3497 /* Project object */ = {
			isa = PBXProject;
			attributes = {
				LastSwiftUpdateCheck = 1000;
				LastUpgradeCheck = 1000;
				ORGANIZATIONNAME = "Rio Rinaldi";
				TargetAttributes = {
					6007CB072137A39700FA3497 = {
						CreatedOnToolsVersion = 10.0;
					};
				};
			};
			buildConfigurationList = 6007CB032137A39700FA3497 /* Build configuration list for PBXProject "MarvelMovie" */;
			compatibilityVersion = "Xcode 9.3";
			developmentRegion = en;
			hasScannedForEncodings = 0;
			knownRegions = (
				en,
				Base,
			);
			mainGroup = 6007CAFF2137A39700FA3497;
			productRefGroup = 6007CB092137A39700FA3497 /* Products */;
			projectDirPath = "";
			projectRoot = "";
			targets = (
				6007CB072137A39700FA3497 /* MarvelMovie */,
			);
		};
/* End PBXProject section */

/* Begin PBXResourcesBuildPhase section */
		6007CB062137A39700FA3497 /* Resources */ = {
			isa = PBXResourcesBuildPhase;
			buildActionMask = 2147483647;
			files = (
				6007CB162137A39900FA3497 /* LaunchScreen.storyboard in Resources */,
				6007CB132137A39900FA3497 /* Assets.xcassets in Resources */,
				6007CB112137A39700FA3497 /* Main.storyboard in Resources */,
			);
			runOnlyForDeploymentPostprocessing = 0;
		};
/* End PBXResourcesBuildPhase section */

/* Begin PBXShellScriptBuildPhase section */
		BA1EFE055DB711A03D8A2954 /* [CP] Embed Pods Frameworks */ = {
			isa = PBXShellScriptBuildPhase;
			buildActionMask = 2147483647;
			files = (
			);
			inputPaths = (
				"${SRCROOT}/Pods/Target Support Files/Pods-MarvelMovie/Pods-MarvelMovie-frameworks.sh",
				"${BUILT_PRODUCTS_DIR}/Alamofire/Alamofire.framework",
				"${BUILT_PRODUCTS_DIR}/Moya/Moya.framework",
				"${BUILT_PRODUCTS_DIR}/Result/Result.framework",
			);
			name = "[CP] Embed Pods Frameworks";
			outputPaths = (
				"${TARGET_BUILD_DIR}/${FRAMEWORKS_FOLDER_PATH}/Alamofire.framework",
				"${TARGET_BUILD_DIR}/${FRAMEWORKS_FOLDER_PATH}/Moya.framework",
				"${TARGET_BUILD_DIR}/${FRAMEWORKS_FOLDER_PATH}/Result.framework",
			);
			runOnlyForDeploymentPostprocessing = 0;
			shellPath = /bin/sh;
			shellScript = "\"${SRCROOT}/Pods/Target Support Files/Pods-MarvelMovie/Pods-MarvelMovie-frameworks.sh\"\n";
			showEnvVarsInLog = 0;
		};
		CE0C1A6BB5F9723AF0BB522C /* [CP] Check Pods Manifest.lock */ = {
			isa = PBXShellScriptBuildPhase;
			buildActionMask = 2147483647;
			files = (
			);
			inputPaths = (
				"${PODS_PODFILE_DIR_PATH}/Podfile.lock",
				"${PODS_ROOT}/Manifest.lock",
			);
			name = "[CP] Check Pods Manifest.lock";
			outputPaths = (
				"$(DERIVED_FILE_DIR)/Pods-MarvelMovie-checkManifestLockResult.txt",
			);
			runOnlyForDeploymentPostprocessing = 0;
			shellPath = /bin/sh;
			shellScript = "diff \"${PODS_PODFILE_DIR_PATH}/Podfile.lock\" \"${PODS_ROOT}/Manifest.lock\" > /dev/null\nif [ $? != 0 ] ; then\n    # print error to STDERR\n    echo \"error: The sandbox is not in sync with the Podfile.lock. Run 'pod install' or update your CocoaPods installation.\" >&2\n    exit 1\nfi\n# This output is used by Xcode 'outputs' to avoid re-running this script phase.\necho \"SUCCESS\" > \"${SCRIPT_OUTPUT_FILE_0}\"\n";
			showEnvVarsInLog = 0;
		};
/* End PBXShellScriptBuildPhase section */

/* Begin PBXSourcesBuildPhase section */
		6007CB042137A39700FA3497 /* Sources */ = {
			isa = PBXSourcesBuildPhase;
			buildActionMask = 2147483647;
			files = (
				6007CB232137A50500FA3497 /* Marvel.swift in Sources */,
				6007CB0E2137A39700FA3497 /* ViewController.swift in Sources */,
				6007CB0C2137A39700FA3497 /* AppDelegate.swift in Sources */,
			);
			runOnlyForDeploymentPostprocessing = 0;
		};
/* End PBXSourcesBuildPhase section */

/* Begin PBXVariantGroup section */
		6007CB0F2137A39700FA3497 /* Main.storyboard */ = {
			isa = PBXVariantGroup;
			children = (
				6007CB102137A39700FA3497 /* Base */,
			);
			name = Main.storyboard;
			sourceTree = "<group>";
		};
		6007CB142137A39900FA3497 /* LaunchScreen.storyboard */ = {
			isa = PBXVariantGroup;
			children = (
				6007CB152137A39900FA3497 /* Base */,
			);
			name = LaunchScreen.storyboard;
			sourceTree = "<group>";
		};
/* End PBXVariantGroup section */

/* Begin XCBuildConfiguration section */
		6007CB182137A39900FA3497 /* Debug */ = {
			isa = XCBuildConfiguration;
			buildSettings = {
				ALWAYS_SEARCH_USER_PATHS = NO;
				CLANG_ANALYZER_NONNULL = YES;
				CLANG_ANALYZER_NUMBER_OBJECT_CONVERSION = YES_AGGRESSIVE;
				CLANG_CXX_LANGUAGE_STANDARD = "gnu++14";
				CLANG_CXX_LIBRARY = "libc++";
				CLANG_ENABLE_MODULES = YES;
				CLANG_ENABLE_OBJC_ARC = YES;
				CLANG_ENABLE_OBJC_WEAK = YES;
				CLANG_WARN_BLOCK_CAPTURE_AUTORELEASING = YES;
				CLANG_WARN_BOOL_CONVERSION = YES;
				CLANG_WARN_COMMA = YES;
				CLANG_WARN_CONSTANT_CONVERSION = YES;
				CLANG_WARN_DEPRECATED_OBJC_IMPLEMENTATIONS = YES;
				CLANG_WARN_DIRECT_OBJC_ISA_USAGE = YES_ERROR;
				CLANG_WARN_DOCUMENTATION_COMMENTS = YES;
				CLANG_WARN_EMPTY_BODY = YES;
				CLANG_WARN_ENUM_CONVERSION = YES;
				CLANG_WARN_INFINITE_RECURSION = YES;
				CLANG_WARN_INT_CONVERSION = YES;
				CLANG_WARN_NON_LITERAL_NULL_CONVERSION = YES;
				CLANG_WARN_OBJC_IMPLICIT_RETAIN_SELF = YES;
				CLANG_WARN_OBJC_LITERAL_CONVERSION = YES;
				CLANG_WARN_OBJC_ROOT_CLASS = YES_ERROR;
				CLANG_WARN_RANGE_LOOP_ANALYSIS = YES;
				CLANG_WARN_STRICT_PROTOTYPES = YES;
				CLANG_WARN_SUSPICIOUS_MOVE = YES;
				CLANG_WARN_UNGUARDED_AVAILABILITY = YES_AGGRESSIVE;
				CLANG_WARN_UNREACHABLE_CODE = YES;
				CLANG_WARN__DUPLICATE_METHOD_MATCH = YES;
				CODE_SIGN_IDENTITY = "iPhone Developer";
				COPY_PHASE_STRIP = NO;
				DEBUG_INFORMATION_FORMAT = dwarf;
				ENABLE_STRICT_OBJC_MSGSEND = YES;
				ENABLE_TESTABILITY = YES;
				GCC_C_LANGUAGE_STANDARD = gnu11;
				GCC_DYNAMIC_NO_PIC = NO;
				GCC_NO_COMMON_BLOCKS = YES;
				GCC_OPTIMIZATION_LEVEL = 0;
				GCC_PREPROCESSOR_DEFINITIONS = (
					"DEBUG=1",
					"$(inherited)",
				);
				GCC_WARN_64_TO_32_BIT_CONVERSION = YES;
				GCC_WARN_ABOUT_RETURN_TYPE = YES_ERROR;
				GCC_WARN_UNDECLARED_SELECTOR = YES;
				GCC_WARN_UNINITIALIZED_AUTOS = YES_AGGRESSIVE;
				GCC_WARN_UNUSED_FUNCTION = YES;
				GCC_WARN_UNUSED_VARIABLE = YES;
				IPHONEOS_DEPLOYMENT_TARGET = 12.0;
				MTL_ENABLE_DEBUG_INFO = INCLUDE_SOURCE;
				MTL_FAST_MATH = YES;
				ONLY_ACTIVE_ARCH = YES;
				SDKROOT = iphoneos;
				SWIFT_ACTIVE_COMPILATION_CONDITIONS = DEBUG;
				SWIFT_OPTIMIZATION_LEVEL = "-Onone";
			};
			name = Debug;
		};
		6007CB192137A39900FA3497 /* Release */ = {
			isa = XCBuildConfiguration;
			buildSettings = {
				ALWAYS_SEARCH_USER_PATHS = NO;
				CLANG_ANALYZER_NONNULL = YES;
				CLANG_ANALYZER_NUMBER_OBJECT_CONVERSION = YES_AGGRESSIVE;
				CLANG_CXX_LANGUAGE_STANDARD = "gnu++14";
				CLANG_CXX_LIBRARY = "libc++";
				CLANG_ENABLE_MODULES = YES;
				CLANG_ENABLE_OBJC_ARC = YES;
				CLANG_ENABLE_OBJC_WEAK = YES;
				CLANG_WARN_BLOCK_CAPTURE_AUTORELEASING = YES;
				CLANG_WARN_BOOL_CONVERSION = YES;
				CLANG_WARN_COMMA = YES;
				CLANG_WARN_CONSTANT_CONVERSION = YES;
				CLANG_WARN_DEPRECATED_OBJC_IMPLEMENTATIONS = YES;
				CLANG_WARN_DIRECT_OBJC_ISA_USAGE = YES_ERROR;
				CLANG_WARN_DOCUMENTATION_COMMENTS = YES;
				CLANG_WARN_EMPTY_BODY = YES;
				CLANG_WARN_ENUM_CONVERSION = YES;
				CLANG_WARN_INFINITE_RECURSION = YES;
				CLANG_WARN_INT_CONVERSION = YES;
				CLANG_WARN_NON_LITERAL_NULL_CONVERSION = YES;
				CLANG_WARN_OBJC_IMPLICIT_RETAIN_SELF = YES;
				CLANG_WARN_OBJC_LITERAL_CONVERSION = YES;
				CLANG_WARN_OBJC_ROOT_CLASS = YES_ERROR;
				CLANG_WARN_RANGE_LOOP_ANALYSIS = YES;
				CLANG_WARN_STRICT_PROTOTYPES = YES;
				CLANG_WARN_SUSPICIOUS_MOVE = YES;
				CLANG_WARN_UNGUARDED_AVAILABILITY = YES_AGGRESSIVE;
				CLANG_WARN_UNREACHABLE_CODE = YES;
				CLANG_WARN__DUPLICATE_METHOD_MATCH = YES;
				CODE_SIGN_IDENTITY = "iPhone Developer";
				COPY_PHASE_STRIP = NO;
				DEBUG_INFORMATION_FORMAT = "dwarf-with-dsym";
				ENABLE_NS_ASSERTIONS = NO;
				ENABLE_STRICT_OBJC_MSGSEND = YES;
				GCC_C_LANGUAGE_STANDARD = gnu11;
				GCC_NO_COMMON_BLOCKS = YES;
				GCC_WARN_64_TO_32_BIT_CONVERSION = YES;
				GCC_WARN_ABOUT_RETURN_TYPE = YES_ERROR;
				GCC_WARN_UNDECLARED_SELECTOR = YES;
				GCC_WARN_UNINITIALIZED_AUTOS = YES_AGGRESSIVE;
				GCC_WARN_UNUSED_FUNCTION = YES;
				GCC_WARN_UNUSED_VARIABLE = YES;
				IPHONEOS_DEPLOYMENT_TARGET = 12.0;
				MTL_ENABLE_DEBUG_INFO = NO;
				MTL_FAST_MATH = YES;
				SDKROOT = iphoneos;
				SWIFT_COMPILATION_MODE = wholemodule;
				SWIFT_OPTIMIZATION_LEVEL = "-O";
				VALIDATE_PRODUCT = YES;
			};
			name = Release;
		};
		6007CB1B2137A39900FA3497 /* Debug */ = {
			isa = XCBuildConfiguration;
			baseConfigurationReference = 98181527C2F497AD609AA3B4 /* Pods-MarvelMovie.debug.xcconfig */;
			buildSettings = {
				ASSETCATALOG_COMPILER_APPICON_NAME = AppIcon;
				CODE_SIGN_STYLE = Automatic;
				DEVELOPMENT_TEAM = 6JVWJ25HZL;
				INFOPLIST_FILE = MarvelMovie/Info.plist;
				LD_RUNPATH_SEARCH_PATHS = "$(inherited) @executable_path/Frameworks";
				PRODUCT_BUNDLE_IDENTIFIER = dycodeEdu.MarvelMovie;
				PRODUCT_NAME = "$(TARGET_NAME)";
				SWIFT_VERSION = 4.2;
				TARGETED_DEVICE_FAMILY = "1,2";
			};
			name = Debug;
		};
		6007CB1C2137A39900FA3497 /* Release */ = {
			isa = XCBuildConfiguration;
			baseConfigurationReference = B446FA89FFC747FA678202F6 /* Pods-MarvelMovie.release.xcconfig */;
			buildSettings = {
				ASSETCATALOG_COMPILER_APPICON_NAME = AppIcon;
				CODE_SIGN_STYLE = Automatic;
				DEVELOPMENT_TEAM = 6JVWJ25HZL;
				INFOPLIST_FILE = MarvelMovie/Info.plist;
				LD_RUNPATH_SEARCH_PATHS = "$(inherited) @executable_path/Frameworks";
				PRODUCT_BUNDLE_IDENTIFIER = dycodeEdu.MarvelMovie;
				PRODUCT_NAME = "$(TARGET_NAME)";
				SWIFT_VERSION = 4.2;
				TARGETED_DEVICE_FAMILY = "1,2";
			};
			name = Release;
		};
/* End XCBuildConfiguration section */

/* Begin XCConfigurationList section */
		6007CB032137A39700FA3497 /* Build configuration list for PBXProject "MarvelMovie" */ = {
			isa = XCConfigurationList;
			buildConfigurations = (
				6007CB182137A39900FA3497 /* Debug */,
				6007CB192137A39900FA3497 /* Release */,
			);
			defaultConfigurationIsVisible = 0;
			defaultConfigurationName = Release;
		};
		6007CB1A2137A39900FA3497 /* Build configuration list for PBXNativeTarget "MarvelMovie" */ = {
			isa = XCConfigurationList;
			buildConfigurations = (
				6007CB1B2137A39900FA3497 /* Debug */,
				6007CB1C2137A39900FA3497 /* Release */,
			);
			defaultConfigurationIsVisible = 0;
			defaultConfigurationName = Release;
		};
/* End XCConfigurationList section */
	};
	rootObject = 6007CB002137A39700FA3497 /* Project object */;
}
